// !$*UTF8*$!
{
	archiveVersion = 1;
	classes = {
	};
	objectVersion = 50;
	objects = {

/* Begin PBXBuildFile section */
		ED0E79E121B548300052805F /* AppDelegate.m in Sources */ = {isa = PBXBuildFile; fileRef = ED0E79E021B548300052805F /* AppDelegate.m */; };
		ED0E79E421B548300052805F /* ViewController.m in Sources */ = {isa = PBXBuildFile; fileRef = ED0E79E321B548300052805F /* ViewController.m */; };
		ED0E79E721B548300052805F /* Main.storyboard in Resources */ = {isa = PBXBuildFile; fileRef = ED0E79E521B548300052805F /* Main.storyboard */; };
		ED0E79E921B548310052805F /* Assets.xcassets in Resources */ = {isa = PBXBuildFile; fileRef = ED0E79E821B548310052805F /* Assets.xcassets */; };
		ED0E79EC21B548310052805F /* LaunchScreen.storyboard in Resources */ = {isa = PBXBuildFile; fileRef = ED0E79EA21B548310052805F /* LaunchScreen.storyboard */; };
		ED0E79EF21B548310052805F /* main.m in Sources */ = {isa = PBXBuildFile; fileRef = ED0E79EE21B548310052805F /* main.m */; };
		ED0E79F921B548310052805F /* GCDTests.m in Sources */ = {isa = PBXBuildFile; fileRef = ED0E79F821B548310052805F /* GCDTests.m */; };
		ED0E7A0421B548310052805F /* GCDUITests.m in Sources */ = {isa = PBXBuildFile; fileRef = ED0E7A0321B548310052805F /* GCDUITests.m */; };
		ED79B64021C3C0B7007862CF /* CountyCode.plist in Resources */ = {isa = PBXBuildFile; fileRef = ED79B63F21C3C0B7007862CF /* CountyCode.plist */; };
		ED79B64221C3C18F007862CF /* File.json in Resources */ = {isa = PBXBuildFile; fileRef = ED79B64121C3C18F007862CF /* File.json */; };
/* End PBXBuildFile section */

/* Begin PBXContainerItemProxy section */
		ED0E79F521B548310052805F /* PBXContainerItemProxy */ = {
			isa = PBXContainerItemProxy;
			containerPortal = ED0E79D421B548300052805F /* Project object */;
			proxyType = 1;
			remoteGlobalIDString = ED0E79DB21B548300052805F;
			remoteInfo = GCD;
		};
		ED0E7A0021B548310052805F /* PBXContainerItemProxy */ = {
			isa = PBXContainerItemProxy;
			containerPortal = ED0E79D421B548300052805F /* Project object */;
			proxyType = 1;
			remoteGlobalIDString = ED0E79DB21B548300052805F;
			remoteInfo = GCD;
		};
/* End PBXContainerItemProxy section */

/* Begin PBXFileReference section */
		ED0E79DC21B548300052805F /* GCD.app */ = {isa = PBXFileReference; explicitFileType = wrapper.application; includeInIndex = 0; path = GCD.app; sourceTree = BUILT_PRODUCTS_DIR; };
		ED0E79DF21B548300052805F /* AppDelegate.h */ = {isa = PBXFileReference; lastKnownFileType = sourcecode.c.h; path = AppDelegate.h; sourceTree = "<group>"; };
		ED0E79E021B548300052805F /* AppDelegate.m */ = {isa = PBXFileReference; lastKnownFileType = sourcecode.c.objc; path = AppDelegate.m; sourceTree = "<group>"; };
		ED0E79E221B548300052805F /* ViewController.h */ = {isa = PBXFileReference; lastKnownFileType = sourcecode.c.h; path = ViewController.h; sourceTree = "<group>"; };
		ED0E79E321B548300052805F /* ViewController.m */ = {isa = PBXFileReference; lastKnownFileType = sourcecode.c.objc; path = ViewController.m; sourceTree = "<group>"; };
		ED0E79E621B548300052805F /* Base */ = {isa = PBXFileReference; lastKnownFileType = file.storyboard; name = Base; path = Base.lproj/Main.storyboard; sourceTree = "<group>"; };
		ED0E79E821B548310052805F /* Assets.xcassets */ = {isa = PBXFileReference; lastKnownFileType = folder.assetcatalog; path = Assets.xcassets; sourceTree = "<group>"; };
		ED0E79EB21B548310052805F /* Base */ = {isa = PBXFileReference; lastKnownFileType = file.storyboard; name = Base; path = Base.lproj/LaunchScreen.storyboard; sourceTree = "<group>"; };
		ED0E79ED21B548310052805F /* Info.plist */ = {isa = PBXFileReference; lastKnownFileType = text.plist.xml; path = Info.plist; sourceTree = "<group>"; };
		ED0E79EE21B548310052805F /* main.m */ = {isa = PBXFileReference; lastKnownFileType = sourcecode.c.objc; path = main.m; sourceTree = "<group>"; };
		ED0E79F421B548310052805F /* GCDTests.xctest */ = {isa = PBXFileReference; explicitFileType = wrapper.cfbundle; includeInIndex = 0; path = GCDTests.xctest; sourceTree = BUILT_PRODUCTS_DIR; };
		ED0E79F821B548310052805F /* GCDTests.m */ = {isa = PBXFileReference; lastKnownFileType = sourcecode.c.objc; path = GCDTests.m; sourceTree = "<group>"; };
		ED0E79FA21B548310052805F /* Info.plist */ = {isa = PBXFileReference; lastKnownFileType = text.plist.xml; path = Info.plist; sourceTree = "<group>"; };
		ED0E79FF21B548310052805F /* GCDUITests.xctest */ = {isa = PBXFileReference; explicitFileType = wrapper.cfbundle; includeInIndex = 0; path = GCDUITests.xctest; sourceTree = BUILT_PRODUCTS_DIR; };
		ED0E7A0321B548310052805F /* GCDUITests.m */ = {isa = PBXFileReference; lastKnownFileType = sourcecode.c.objc; path = GCDUITests.m; sourceTree = "<group>"; };
		ED0E7A0521B548310052805F /* Info.plist */ = {isa = PBXFileReference; lastKnownFileType = text.plist.xml; path = Info.plist; sourceTree = "<group>"; };
		ED79B63F21C3C0B7007862CF /* CountyCode.plist */ = {isa = PBXFileReference; fileEncoding = 4; lastKnownFileType = text.plist.xml; path = CountyCode.plist; sourceTree = "<group>"; };
		ED79B64121C3C18F007862CF /* File.json */ = {isa = PBXFileReference; lastKnownFileType = text.json; path = File.json; sourceTree = "<group>"; };
/* End PBXFileReference section */

/* Begin PBXFrameworksBuildPhase section */
		ED0E79D921B548300052805F /* Frameworks */ = {
			isa = PBXFrameworksBuildPhase;
			buildActionMask = 2147483647;
			files = (
			);
			runOnlyForDeploymentPostprocessing = 0;
		};
		ED0E79F121B548310052805F /* Frameworks */ = {
			isa = PBXFrameworksBuildPhase;
			buildActionMask = 2147483647;
			files = (
			);
			runOnlyForDeploymentPostprocessing = 0;
		};
		ED0E79FC21B548310052805F /* Frameworks */ = {
			isa = PBXFrameworksBuildPhase;
			buildActionMask = 2147483647;
			files = (
			);
			runOnlyForDeploymentPostprocessing = 0;
		};
/* End PBXFrameworksBuildPhase section */

/* Begin PBXGroup section */
		ED0E79D321B548300052805F = {
			isa = PBXGroup;
			children = (
				ED0E79DE21B548300052805F /* GCD */,
				ED0E79F721B548310052805F /* GCDTests */,
				ED0E7A0221B548310052805F /* GCDUITests */,
				ED0E79DD21B548300052805F /* Products */,
			);
			sourceTree = "<group>";
		};
		ED0E79DD21B548300052805F /* Products */ = {
			isa = PBXGroup;
			children = (
				ED0E79DC21B548300052805F /* GCD.app */,
				ED0E79F421B548310052805F /* GCDTests.xctest */,
				ED0E79FF21B548310052805F /* GCDUITests.xctest */,
			);
			name = Products;
			sourceTree = "<group>";
		};
		ED0E79DE21B548300052805F /* GCD */ = {
			isa = PBXGroup;
			children = (
				ED0E79DF21B548300052805F /* AppDelegate.h */,
				ED0E79E021B548300052805F /* AppDelegate.m */,
				ED0E79E221B548300052805F /* ViewController.h */,
				ED0E79E321B548300052805F /* ViewController.m */,
				ED79B64121C3C18F007862CF /* File.json */,
				ED0E79E521B548300052805F /* Main.storyboard */,
				ED0E79E821B548310052805F /* Assets.xcassets */,
				ED0E79EA21B548310052805F /* LaunchScreen.storyboard */,
				ED0E79ED21B548310052805F /* Info.plist */,
				ED79B63F21C3C0B7007862CF /* CountyCode.plist */,
				ED0E79EE21B548310052805F /* main.m */,
			);
			path = GCD;
			sourceTree = "<group>";
		};
		ED0E79F721B548310052805F /* GCDTests */ = {
			isa = PBXGroup;
			children = (
				ED0E79F821B548310052805F /* GCDTests.m */,
				ED0E79FA21B548310052805F /* Info.plist */,
			);
			path = GCDTests;
			sourceTree = "<group>";
		};
		ED0E7A0221B548310052805F /* GCDUITests */ = {
			isa = PBXGroup;
			children = (
				ED0E7A0321B548310052805F /* GCDUITests.m */,
				ED0E7A0521B548310052805F /* Info.plist */,
			);
			path = GCDUITests;
			sourceTree = "<group>";
		};
/* End PBXGroup section */

/* Begin PBXNativeTarget section */
		ED0E79DB21B548300052805F /* GCD */ = {
			isa = PBXNativeTarget;
			buildConfigurationList = ED0E7A0821B548310052805F /* Build configuration list for PBXNativeTarget "GCD" */;
			buildPhases = (
				ED0E79D821B548300052805F /* Sources */,
				ED0E79D921B548300052805F /* Frameworks */,
				ED0E79DA21B548300052805F /* Resources */,
			);
			buildRules = (
			);
			dependencies = (
			);
			name = GCD;
			productName = GCD;
			productReference = ED0E79DC21B548300052805F /* GCD.app */;
			productType = "com.apple.product-type.application";
		};
		ED0E79F321B548310052805F /* GCDTests */ = {
			isa = PBXNativeTarget;
			buildConfigurationList = ED0E7A0B21B548310052805F /* Build configuration list for PBXNativeTarget "GCDTests" */;
			buildPhases = (
				ED0E79F021B548310052805F /* Sources */,
				ED0E79F121B548310052805F /* Frameworks */,
				ED0E79F221B548310052805F /* Resources */,
			);
			buildRules = (
			);
			dependencies = (
				ED0E79F621B548310052805F /* PBXTargetDependency */,
			);
			name = GCDTests;
			productName = GCDTests;
			productReference = ED0E79F421B548310052805F /* GCDTests.xctest */;
			productType = "com.apple.product-type.bundle.unit-test";
		};
		ED0E79FE21B548310052805F /* GCDUITests */ = {
			isa = PBXNativeTarget;
			buildConfigurationList = ED0E7A0E21B548310052805F /* Build configuration list for PBXNativeTarget "GCDUITests" */;
			buildPhases = (
				ED0E79FB21B548310052805F /* Sources */,
				ED0E79FC21B548310052805F /* Frameworks */,
				ED0E79FD21B548310052805F /* Resources */,
			);
			buildRules = (
			);
			dependencies = (
				ED0E7A0121B548310052805F /* PBXTargetDependency */,
			);
			name = GCDUITests;
			productName = GCDUITests;
			productReference = ED0E79FF21B548310052805F /* GCDUITests.xctest */;
			productType = "com.apple.product-type.bundle.ui-testing";
		};
/* End PBXNativeTarget section */

/* Begin PBXProject section */
		ED0E79D421B548300052805F /* Project object */ = {
			isa = PBXProject;
			attributes = {
				LastUpgradeCheck = 1010;
				ORGANIZATIONNAME = "冯俊武";
				TargetAttributes = {
					ED0E79DB21B548300052805F = {
						CreatedOnToolsVersion = 10.1;
					};
					ED0E79F321B548310052805F = {
						CreatedOnToolsVersion = 10.1;
						TestTargetID = ED0E79DB21B548300052805F;
					};
					ED0E79FE21B548310052805F = {
						CreatedOnToolsVersion = 10.1;
						TestTargetID = ED0E79DB21B548300052805F;
					};
				};
			};
			buildConfigurationList = ED0E79D721B548300052805F /* Build configuration list for PBXProject "GCD" */;
			compatibilityVersion = "Xcode 9.3";
			developmentRegion = en;
			hasScannedForEncodings = 0;
			knownRegions = (
				en,
				Base,
			);
			mainGroup = ED0E79D321B548300052805F;
			productRefGroup = ED0E79DD21B548300052805F /* Products */;
			projectDirPath = "";
			projectRoot = "";
			targets = (
				ED0E79DB21B548300052805F /* GCD */,
				ED0E79F321B548310052805F /* GCDTests */,
				ED0E79FE21B548310052805F /* GCDUITests */,
			);
		};
/* End PBXProject section */

/* Begin PBXResourcesBuildPhase section */
		ED0E79DA21B548300052805F /* Resources */ = {
			isa = PBXResourcesBuildPhase;
			buildActionMask = 2147483647;
			files = (
				ED0E79EC21B548310052805F /* LaunchScreen.storyboard in Resources */,
				ED0E79E921B548310052805F /* Assets.xcassets in Resources */,
				ED0E79E721B548300052805F /* Main.storyboard in Resources */,
				ED79B64021C3C0B7007862CF /* CountyCode.plist in Resources */,
				ED79B64221C3C18F007862CF /* File.json in Resources */,
			);
			runOnlyForDeploymentPostprocessing = 0;
		};
		ED0E79F221B548310052805F /* Resources */ = {
			isa = PBXResourcesBuildPhase;
			buildActionMask = 2147483647;
			files = (
			);
			runOnlyForDeploymentPostprocessing = 0;
		};
		ED0E79FD21B548310052805F /* Resources */ = {
			isa = PBXResourcesBuildPhase;
			buildActionMask = 2147483647;
			files = (
			);
			runOnlyForDeploymentPostprocessing = 0;
		};
/* End PBXResourcesBuildPhase section */

/* Begin PBXSourcesBuildPhase section */
		ED0E79D821B548300052805F /* Sources */ = {
			isa = PBXSourcesBuildPhase;
			buildActionMask = 2147483647;
			files = (
				ED0E79E421B548300052805F /* ViewController.m in Sources */,
				ED0E79EF21B548310052805F /* main.m in Sources */,
				ED0E79E121B548300052805F /* AppDelegate.m in Sources */,
			);
			runOnlyForDeploymentPostprocessing = 0;
		};
		ED0E79F021B548310052805F /* Sources */ = {
			isa = PBXSourcesBuildPhase;
			buildActionMask = 2147483647;
			files = (
				ED0E79F921B548310052805F /* GCDTests.m in Sources */,
			);
			runOnlyForDeploymentPostprocessing = 0;
		};
		ED0E79FB21B548310052805F /* Sources */ = {
			isa = PBXSourcesBuildPhase;
			buildActionMask = 2147483647;
			files = (
				ED0E7A0421B548310052805F /* GCDUITests.m in Sources */,
			);
			runOnlyForDeploymentPostprocessing = 0;
		};
/* End PBXSourcesBuildPhase section */

/* Begin PBXTargetDependency section */
		ED0E79F621B548310052805F /* PBXTargetDependency */ = {
			isa = PBXTargetDependency;
			target = ED0E79DB21B548300052805F /* GCD */;
			targetProxy = ED0E79F521B548310052805F /* PBXContainerItemProxy */;
		};
		ED0E7A0121B548310052805F /* PBXTargetDependency */ = {
			isa = PBXTargetDependency;
			target = ED0E79DB21B548300052805F /* GCD */;
			targetProxy = ED0E7A0021B548310052805F /* PBXContainerItemProxy */;
		};
/* End PBXTargetDependency section */

/* Begin PBXVariantGroup section */
		ED0E79E521B548300052805F /* Main.storyboard */ = {
			isa = PBXVariantGroup;
			children = (
				ED0E79E621B548300052805F /* Base */,
			);
			name = Main.storyboard;
			sourceTree = "<group>";
		};
		ED0E79EA21B548310052805F /* LaunchScreen.storyboard */ = {
			isa = PBXVariantGroup;
			children = (
				ED0E79EB21B548310052805F /* Base */,
			);
			name = LaunchScreen.storyboard;
			sourceTree = "<group>";
		};
/* End PBXVariantGroup section */

/* Begin XCBuildConfiguration section */
		ED0E7A0621B548310052805F /* Debug */ = {
			isa = XCBuildConfiguration;
			buildSettings = {
				ALWAYS_SEARCH_USER_PATHS = NO;
				CLANG_ANALYZER_NONNULL = YES;
				CLANG_ANALYZER_NUMBER_OBJECT_CONVERSION = YES_AGGRESSIVE;
				CLANG_CXX_LANGUAGE_STANDARD = "gnu++14";
				CLANG_CXX_LIBRARY = "libc++";
				CLANG_ENABLE_MODULES = YES;
				CLANG_ENABLE_OBJC_ARC = YES;
				CLANG_ENABLE_OBJC_WEAK = YES;
				CLANG_WARN_BLOCK_CAPTURE_AUTORELEASING = YES;
				CLANG_WARN_BOOL_CONVERSION = YES;
				CLANG_WARN_COMMA = YES;
				CLANG_WARN_CONSTANT_CONVERSION = YES;
				CLANG_WARN_DEPRECATED_OBJC_IMPLEMENTATIONS = YES;
				CLANG_WARN_DIRECT_OBJC_ISA_USAGE = YES_ERROR;
				CLANG_WARN_DOCUMENTATION_COMMENTS = YES;
				CLANG_WARN_EMPTY_BODY = YES;
				CLANG_WARN_ENUM_CONVERSION = YES;
				CLANG_WARN_INFINITE_RECURSION = YES;
				CLANG_WARN_INT_CONVERSION = YES;
				CLANG_WARN_NON_LITERAL_NULL_CONVERSION = YES;
				CLANG_WARN_OBJC_IMPLICIT_RETAIN_SELF = YES;
				CLANG_WARN_OBJC_LITERAL_CONVERSION = YES;
				CLANG_WARN_OBJC_ROOT_CLASS = YES_ERROR;
				CLANG_WARN_RANGE_LOOP_ANALYSIS = YES;
				CLANG_WARN_STRICT_PROTOTYPES = YES;
				CLANG_WARN_SUSPICIOUS_MOVE = YES;
				CLANG_WARN_UNGUARDED_AVAILABILITY = YES_AGGRESSIVE;
				CLANG_WARN_UNREACHABLE_CODE = YES;
				CLANG_WARN__DUPLICATE_METHOD_MATCH = YES;
				CODE_SIGN_IDENTITY = "iPhone Developer";
				COPY_PHASE_STRIP = NO;
				DEBUG_INFORMATION_FORMAT = dwarf;
				ENABLE_STRICT_OBJC_MSGSEND = YES;
				ENABLE_TESTABILITY = YES;
				GCC_C_LANGUAGE_STANDARD = gnu11;
				GCC_DYNAMIC_NO_PIC = NO;
				GCC_NO_COMMON_BLOCKS = YES;
				GCC_OPTIMIZATION_LEVEL = 0;
				GCC_PREPROCESSOR_DEFINITIONS = (
					"DEBUG=1",
					"$(inherited)",
				);
				GCC_WARN_64_TO_32_BIT_CONVERSION = YES;
				GCC_WARN_ABOUT_RETURN_TYPE = YES_ERROR;
				GCC_WARN_UNDECLARED_SELECTOR = YES;
				GCC_WARN_UNINITIALIZED_AUTOS = YES_AGGRESSIVE;
				GCC_WARN_UNUSED_FUNCTION = YES;
				GCC_WARN_UNUSED_VARIABLE = YES;
				IPHONEOS_DEPLOYMENT_TARGET = 12.1;
				MTL_ENABLE_DEBUG_INFO = INCLUDE_SOURCE;
				MTL_FAST_MATH = YES;
				ONLY_ACTIVE_ARCH = YES;
				SDKROOT = iphoneos;
			};
			name = Debug;
		};
		ED0E7A0721B548310052805F /* Release */ = {
			isa = XCBuildConfiguration;
			buildSettings = {
				ALWAYS_SEARCH_USER_PATHS = NO;
				CLANG_ANALYZER_NONNULL = YES;
				CLANG_ANALYZER_NUMBER_OBJECT_CONVERSION = YES_AGGRESSIVE;
				CLANG_CXX_LANGUAGE_STANDARD = "gnu++14";
				CLANG_CXX_LIBRARY = "libc++";
				CLANG_ENABLE_MODULES = YES;
				CLANG_ENABLE_OBJC_ARC = YES;
				CLANG_ENABLE_OBJC_WEAK = YES;
				CLANG_WARN_BLOCK_CAPTURE_AUTORELEASING = YES;
				CLANG_WARN_BOOL_CONVERSION = YES;
				CLANG_WARN_COMMA = YES;
				CLANG_WARN_CONSTANT_CONVERSION = YES;
				CLANG_WARN_DEPRECATED_OBJC_IMPLEMENTATIONS = YES;
				CLANG_WARN_DIRECT_OBJC_ISA_USAGE = YES_ERROR;
				CLANG_WARN_DOCUMENTATION_COMMENTS = YES;
				CLANG_WARN_EMPTY_BODY = YES;
				CLANG_WARN_ENUM_CONVERSION = YES;
				CLANG_WARN_INFINITE_RECURSION = YES;
				CLANG_WARN_INT_CONVERSION = YES;
				CLANG_WARN_NON_LITERAL_NULL_CONVERSION = YES;
				CLANG_WARN_OBJC_IMPLICIT_RETAIN_SELF = YES;
				CLANG_WARN_OBJC_LITERAL_CONVERSION = YES;
				CLANG_WARN_OBJC_ROOT_CLASS = YES_ERROR;
				CLANG_WARN_RANGE_LOOP_ANALYSIS = YES;
				CLANG_WARN_STRICT_PROTOTYPES = YES;
				CLANG_WARN_SUSPICIOUS_MOVE = YES;
				CLANG_WARN_UNGUARDED_AVAILABILITY = YES_AGGRESSIVE;
				CLANG_WARN_UNREACHABLE_CODE = YES;
				CLANG_WARN__DUPLICATE_METHOD_MATCH = YES;
				CODE_SIGN_IDENTITY = "iPhone Developer";
				COPY_PHASE_STRIP = NO;
				DEBUG_INFORMATION_FORMAT = "dwarf-with-dsym";
				ENABLE_NS_ASSERTIONS = NO;
				ENABLE_STRICT_OBJC_MSGSEND = YES;
				GCC_C_LANGUAGE_STANDARD = gnu11;
				GCC_NO_COMMON_BLOCKS = YES;
				GCC_WARN_64_TO_32_BIT_CONVERSION = YES;
				GCC_WARN_ABOUT_RETURN_TYPE = YES_ERROR;
				GCC_WARN_UNDECLARED_SELECTOR = YES;
				GCC_WARN_UNINITIALIZED_AUTOS = YES_AGGRESSIVE;
				GCC_WARN_UNUSED_FUNCTION = YES;
				GCC_WARN_UNUSED_VARIABLE = YES;
				IPHONEOS_DEPLOYMENT_TARGET = 12.1;
				MTL_ENABLE_DEBUG_INFO = NO;
				MTL_FAST_MATH = YES;
				SDKROOT = iphoneos;
				VALIDATE_PRODUCT = YES;
			};
			name = Release;
		};
		ED0E7A0921B548310052805F /* Debug */ = {
			isa = XCBuildConfiguration;
			buildSettings = {
				ASSETCATALOG_COMPILER_APPICON_NAME = AppIcon;
				CODE_SIGN_STYLE = Automatic;
				DEVELOPMENT_TEAM = ENNJXE3L27;
				INFOPLIST_FILE = GCD/Info.plist;
				LD_RUNPATH_SEARCH_PATHS = (
					"$(inherited)",
					"@executable_path/Frameworks",
				);
				PRODUCT_BUNDLE_IDENTIFIER = com.fjw.GCD;
				PRODUCT_NAME = "$(TARGET_NAME)";
				TARGETED_DEVICE_FAMILY = "1,2";
			};
			name = Debug;
		};
		ED0E7A0A21B548310052805F /* Release */ = {
			isa = XCBuildConfiguration;
			buildSettings = {
				ASSETCATALOG_COMPILER_APPICON_NAME = AppIcon;
				CODE_SIGN_STYLE = Automatic;
				DEVELOPMENT_TEAM = ENNJXE3L27;
				INFOPLIST_FILE = GCD/Info.plist;
				LD_RUNPATH_SEARCH_PATHS = (
					"$(inherited)",
					"@executable_path/Frameworks",
				);
				PRODUCT_BUNDLE_IDENTIFIER = com.fjw.GCD;
				PRODUCT_NAME = "$(TARGET_NAME)";
				TARGETED_DEVICE_FAMILY = "1,2";
			};
			name = Release;
		};
		ED0E7A0C21B548310052805F /* Debug */ = {
			isa = XCBuildConfiguration;
			buildSettings = {
				BUNDLE_LOADER = "$(TEST_HOST)";
				CODE_SIGN_STYLE = Automatic;
				DEVELOPMENT_TEAM = ENNJXE3L27;
				INFOPLIST_FILE = GCDTests/Info.plist;
				LD_RUNPATH_SEARCH_PATHS = (
					"$(inherited)",
					"@executable_path/Frameworks",
					"@loader_path/Frameworks",
				);
				PRODUCT_BUNDLE_IDENTIFIER = com.fjw.GCDTests;
				PRODUCT_NAME = "$(TARGET_NAME)";
				TARGETED_DEVICE_FAMILY = "1,2";
				TEST_HOST = "$(BUILT_PRODUCTS_DIR)/GCD.app/GCD";
			};
			name = Debug;
		};
		ED0E7A0D21B548310052805F /* Release */ = {
			isa = XCBuildConfiguration;
			buildSettings = {
				BUNDLE_LOADER = "$(TEST_HOST)";
				CODE_SIGN_STYLE = Automatic;
				DEVELOPMENT_TEAM = ENNJXE3L27;
				INFOPLIST_FILE = GCDTests/Info.plist;
				LD_RUNPATH_SEARCH_PATHS = (
					"$(inherited)",
					"@executable_path/Frameworks",
					"@loader_path/Frameworks",
				);
				PRODUCT_BUNDLE_IDENTIFIER = com.fjw.GCDTests;
				PRODUCT_NAME = "$(TARGET_NAME)";
				TARGETED_DEVICE_FAMILY = "1,2";
				TEST_HOST = "$(BUILT_PRODUCTS_DIR)/GCD.app/GCD";
			};
			name = Release;
		};
		ED0E7A0F21B548310052805F /* Debug */ = {
			isa = XCBuildConfiguration;
			buildSettings = {
				CODE_SIGN_STYLE = Automatic;
				DEVELOPMENT_TEAM = ENNJXE3L27;
				INFOPLIST_FILE = GCDUITests/Info.plist;
				LD_RUNPATH_SEARCH_PATHS = (
					"$(inherited)",
					"@executable_path/Frameworks",
					"@loader_path/Frameworks",
				);
				PRODUCT_BUNDLE_IDENTIFIER = com.fjw.GCDUITests;
				PRODUCT_NAME = "$(TARGET_NAME)";
				TARGETED_DEVICE_FAMILY = "1,2";
				TEST_TARGET_NAME = GCD;
			};
			name = Debug;
		};
		ED0E7A1021B548310052805F /* Release */ = {
			isa = XCBuildConfiguration;
			buildSettings = {
				CODE_SIGN_STYLE = Automatic;
				DEVELOPMENT_TEAM = ENNJXE3L27;
				INFOPLIST_FILE = GCDUITests/Info.plist;
				LD_RUNPATH_SEARCH_PATHS = (
					"$(inherited)",
					"@executable_path/Frameworks",
					"@loader_path/Frameworks",
				);
				PRODUCT_BUNDLE_IDENTIFIER = com.fjw.GCDUITests;
				PRODUCT_NAME = "$(TARGET_NAME)";
				TARGETED_DEVICE_FAMILY = "1,2";
				TEST_TARGET_NAME = GCD;
			};
			name = Release;
		};
/* End XCBuildConfiguration section */

/* Begin XCConfigurationList section */
		ED0E79D721B548300052805F /* Build configuration list for PBXProject "GCD" */ = {
			isa = XCConfigurationList;
			buildConfigurations = (
				ED0E7A0621B548310052805F /* Debug */,
				ED0E7A0721B548310052805F /* Release */,
			);
			defaultConfigurationIsVisible = 0;
			defaultConfigurationName = Release;
		};
		ED0E7A0821B548310052805F /* Build configuration list for PBXNativeTarget "GCD" */ = {
			isa = XCConfigurationList;
			buildConfigurations = (
				ED0E7A0921B548310052805F /* Debug */,
				ED0E7A0A21B548310052805F /* Release */,
			);
			defaultConfigurationIsVisible = 0;
			defaultConfigurationName = Release;
		};
		ED0E7A0B21B548310052805F /* Build configuration list for PBXNativeTarget "GCDTests" */ = {
			isa = XCConfigurationList;
			buildConfigurations = (
				ED0E7A0C21B548310052805F /* Debug */,
				ED0E7A0D21B548310052805F /* Release */,
			);
			defaultConfigurationIsVisible = 0;
			defaultConfigurationName = Release;
		};
		ED0E7A0E21B548310052805F /* Build configuration list for PBXNativeTarget "GCDUITests" */ = {
			isa = XCConfigurationList;
			buildConfigurations = (
				ED0E7A0F21B548310052805F /* Debug */,
				ED0E7A1021B548310052805F /* Release */,
			);
			defaultConfigurationIsVisible = 0;
			defaultConfigurationName = Release;
		};
/* End XCConfigurationList section */
	};
	rootObject = ED0E79D421B548300052805F /* Project object */;
}
